// !$*UTF8*$!
{
	archiveVersion = 1;
	classes = {
	};
	objectVersion = 77;
	objects = {

/* Begin PBXBuildFile section */
		DBC4FE1C2DF2A184002DCAE3 /* README.md in Resources */ = {isa = PBXBuildFile; fileRef = DBC4FE1B2DF2A184002DCAE3 /* README.md */; };
/* End PBXBuildFile section */

/* Begin PBXContainerItemProxy section */
		DB40F2942DF2994000C31AE4 /* PBXContainerItemProxy */ = {
			isa = PBXContainerItemProxy;
			containerPortal = DB40F27A2DF2993F00C31AE4 /* Project object */;
			proxyType = 1;
			remoteGlobalIDString = DB40F2812DF2993F00C31AE4;
			remoteInfo = NotHotdog;
		};
		DB40F29E2DF2994000C31AE4 /* PBXContainerItemProxy */ = {
			isa = PBXContainerItemProxy;
			containerPortal = DB40F27A2DF2993F00C31AE4 /* Project object */;
			proxyType = 1;
			remoteGlobalIDString = DB40F2812DF2993F00C31AE4;
			remoteInfo = NotHotdog;
		};
/* End PBXContainerItemProxy section */

/* Begin PBXFileReference section */
		DB40F2822DF2993F00C31AE4 /* NotHotdog.app */ = {isa = PBXFileReference; explicitFileType = wrapper.application; includeInIndex = 0; path = NotHotdog.app; sourceTree = BUILT_PRODUCTS_DIR; };
		DB40F2932DF2994000C31AE4 /* NotHotdogTests.xctest */ = {isa = PBXFileReference; explicitFileType = wrapper.cfbundle; includeInIndex = 0; path = NotHotdogTests.xctest; sourceTree = BUILT_PRODUCTS_DIR; };
		DB40F29D2DF2994000C31AE4 /* NotHotdogUITests.xctest */ = {isa = PBXFileReference; explicitFileType = wrapper.cfbundle; includeInIndex = 0; path = NotHotdogUITests.xctest; sourceTree = BUILT_PRODUCTS_DIR; };
		DBC4FE1B2DF2A184002DCAE3 /* README.md */ = {isa = PBXFileReference; lastKnownFileType = net.daringfireball.markdown; path = README.md; sourceTree = "<group>"; };
/* End PBXFileReference section */

/* Begin PBXFileSystemSynchronizedBuildFileExceptionSet section */
		DB40F2A52DF2994000C31AE4 /* Exceptions for "NotHotdog" folder in "NotHotdog" target */ = {
			isa = PBXFileSystemSynchronizedBuildFileExceptionSet;
			membershipExceptions = (
				Info.plist,
			);
			target = DB40F2812DF2993F00C31AE4 /* NotHotdog */;
		};
/* End PBXFileSystemSynchronizedBuildFileExceptionSet section */

/* Begin PBXFileSystemSynchronizedRootGroup section */
		DB40F2842DF2993F00C31AE4 /* NotHotdog */ = {
			isa = PBXFileSystemSynchronizedRootGroup;
			exceptions = (
				DB40F2A52DF2994000C31AE4 /* Exceptions for "NotHotdog" folder in "NotHotdog" target */,
			);
			path = NotHotdog;
			sourceTree = "<group>";
		};
		DB40F2962DF2994000C31AE4 /* NotHotdogTests */ = {
			isa = PBXFileSystemSynchronizedRootGroup;
			path = NotHotdogTests;
			sourceTree = "<group>";
		};
		DB40F2A02DF2994000C31AE4 /* NotHotdogUITests */ = {
			isa = PBXFileSystemSynchronizedRootGroup;
			path = NotHotdogUITests;
			sourceTree = "<group>";
		};
/* End PBXFileSystemSynchronizedRootGroup section */

/* Begin PBXFrameworksBuildPhase section */
		DB40F27F2DF2993F00C31AE4 /* Frameworks */ = {
			isa = PBXFrameworksBuildPhase;
			buildActionMask = 2147483647;
			files = (
			);
			runOnlyForDeploymentPostprocessing = 0;
		};
		DB40F2902DF2994000C31AE4 /* Frameworks */ = {
			isa = PBXFrameworksBuildPhase;
			buildActionMask = 2147483647;
			files = (
			);
			runOnlyForDeploymentPostprocessing = 0;
		};
		DB40F29A2DF2994000C31AE4 /* Frameworks */ = {
			isa = PBXFrameworksBuildPhase;
			buildActionMask = 2147483647;
			files = (
			);
			runOnlyForDeploymentPostprocessing = 0;
		};
/* End PBXFrameworksBuildPhase section */

/* Begin PBXGroup section */
		DB40F2792DF2993F00C31AE4 = {
			isa = PBXGroup;
			children = (
				DBC4FE1B2DF2A184002DCAE3 /* README.md */,
				DB40F2842DF2993F00C31AE4 /* NotHotdog */,
				DB40F2962DF2994000C31AE4 /* NotHotdogTests */,
				DB40F2A02DF2994000C31AE4 /* NotHotdogUITests */,
				DB40F2832DF2993F00C31AE4 /* Products */,
			);
			sourceTree = "<group>";
		};
		DB40F2832DF2993F00C31AE4 /* Products */ = {
			isa = PBXGroup;
			children = (
				DB40F2822DF2993F00C31AE4 /* NotHotdog.app */,
				DB40F2932DF2994000C31AE4 /* NotHotdogTests.xctest */,
				DB40F29D2DF2994000C31AE4 /* NotHotdogUITests.xctest */,
			);
			name = Products;
			sourceTree = "<group>";
		};
/* End PBXGroup section */

/* Begin PBXNativeTarget section */
		DB40F2812DF2993F00C31AE4 /* NotHotdog */ = {
			isa = PBXNativeTarget;
			buildConfigurationList = DB40F2A62DF2994000C31AE4 /* Build configuration list for PBXNativeTarget "NotHotdog" */;
			buildPhases = (
				DB40F27E2DF2993F00C31AE4 /* Sources */,
				DB40F27F2DF2993F00C31AE4 /* Frameworks */,
				DB40F2802DF2993F00C31AE4 /* Resources */,
			);
			buildRules = (
			);
			dependencies = (
			);
			fileSystemSynchronizedGroups = (
				DB40F2842DF2993F00C31AE4 /* NotHotdog */,
			);
			name = NotHotdog;
			packageProductDependencies = (
			);
			productName = NotHotdog;
			productReference = DB40F2822DF2993F00C31AE4 /* NotHotdog.app */;
			productType = "com.apple.product-type.application";
		};
		DB40F2922DF2994000C31AE4 /* NotHotdogTests */ = {
			isa = PBXNativeTarget;
			buildConfigurationList = DB40F2AB2DF2994000C31AE4 /* Build configuration list for PBXNativeTarget "NotHotdogTests" */;
			buildPhases = (
				DB40F28F2DF2994000C31AE4 /* Sources */,
				DB40F2902DF2994000C31AE4 /* Frameworks */,
				DB40F2912DF2994000C31AE4 /* Resources */,
			);
			buildRules = (
			);
			dependencies = (
				DB40F2952DF2994000C31AE4 /* PBXTargetDependency */,
			);
			fileSystemSynchronizedGroups = (
				DB40F2962DF2994000C31AE4 /* NotHotdogTests */,
			);
			name = NotHotdogTests;
			packageProductDependencies = (
			);
			productName = NotHotdogTests;
			productReference = DB40F2932DF2994000C31AE4 /* NotHotdogTests.xctest */;
			productType = "com.apple.product-type.bundle.unit-test";
		};
		DB40F29C2DF2994000C31AE4 /* NotHotdogUITests */ = {
			isa = PBXNativeTarget;
			buildConfigurationList = DB40F2AE2DF2994000C31AE4 /* Build configuration list for PBXNativeTarget "NotHotdogUITests" */;
			buildPhases = (
				DB40F2992DF2994000C31AE4 /* Sources */,
				DB40F29A2DF2994000C31AE4 /* Frameworks */,
				DB40F29B2DF2994000C31AE4 /* Resources */,
			);
			buildRules = (
			);
			dependencies = (
				DB40F29F2DF2994000C31AE4 /* PBXTargetDependency */,
			);
			fileSystemSynchronizedGroups = (
				DB40F2A02DF2994000C31AE4 /* NotHotdogUITests */,
			);
			name = NotHotdogUITests;
			packageProductDependencies = (
			);
			productName = NotHotdogUITests;
			productReference = DB40F29D2DF2994000C31AE4 /* NotHotdogUITests.xctest */;
			productType = "com.apple.product-type.bundle.ui-testing";
		};
/* End PBXNativeTarget section */

/* Begin PBXProject section */
		DB40F27A2DF2993F00C31AE4 /* Project object */ = {
			isa = PBXProject;
			attributes = {
				BuildIndependentTargetsInParallel = 1;
				LastSwiftUpdateCheck = 1640;
				LastUpgradeCheck = 1640;
				TargetAttributes = {
					DB40F2812DF2993F00C31AE4 = {
						CreatedOnToolsVersion = 16.4;
					};
					DB40F2922DF2994000C31AE4 = {
						CreatedOnToolsVersion = 16.4;
						TestTargetID = DB40F2812DF2993F00C31AE4;
					};
					DB40F29C2DF2994000C31AE4 = {
						CreatedOnToolsVersion = 16.4;
						TestTargetID = DB40F2812DF2993F00C31AE4;
					};
				};
			};
			buildConfigurationList = DB40F27D2DF2993F00C31AE4 /* Build configuration list for PBXProject "NotHotdog" */;
			developmentRegion = en;
			hasScannedForEncodings = 0;
			knownRegions = (
				en,
				Base,
			);
			mainGroup = DB40F2792DF2993F00C31AE4;
			minimizedProjectReferenceProxies = 1;
			preferredProjectObjectVersion = 77;
			productRefGroup = DB40F2832DF2993F00C31AE4 /* Products */;
			projectDirPath = "";
			projectRoot = "";
			targets = (
				DB40F2812DF2993F00C31AE4 /* NotHotdog */,
				DB40F2922DF2994000C31AE4 /* NotHotdogTests */,
				DB40F29C2DF2994000C31AE4 /* NotHotdogUITests */,
			);
		};
/* End PBXProject section */

/* Begin PBXResourcesBuildPhase section */
		DB40F2802DF2993F00C31AE4 /* Resources */ = {
			isa = PBXResourcesBuildPhase;
			buildActionMask = 2147483647;
			files = (
				DBC4FE1C2DF2A184002DCAE3 /* README.md in Resources */,
			);
			runOnlyForDeploymentPostprocessing = 0;
		};
		DB40F2912DF2994000C31AE4 /* Resources */ = {
			isa = PBXResourcesBuildPhase;
			buildActionMask = 2147483647;
			files = (
			);
			runOnlyForDeploymentPostprocessing = 0;
		};
		DB40F29B2DF2994000C31AE4 /* Resources */ = {
			isa = PBXResourcesBuildPhase;
			buildActionMask = 2147483647;
			files = (
			);
			runOnlyForDeploymentPostprocessing = 0;
		};
/* End PBXResourcesBuildPhase section */

/* Begin PBXSourcesBuildPhase section */
		DB40F27E2DF2993F00C31AE4 /* Sources */ = {
			isa = PBXSourcesBuildPhase;
			buildActionMask = 2147483647;
			files = (
			);
			runOnlyForDeploymentPostprocessing = 0;
		};
		DB40F28F2DF2994000C31AE4 /* Sources */ = {
			isa = PBXSourcesBuildPhase;
			buildActionMask = 2147483647;
			files = (
			);
			runOnlyForDeploymentPostprocessing = 0;
		};
		DB40F2992DF2994000C31AE4 /* Sources */ = {
			isa = PBXSourcesBuildPhase;
			buildActionMask = 2147483647;
			files = (
			);
			runOnlyForDeploymentPostprocessing = 0;
		};
/* End PBXSourcesBuildPhase section */

/* Begin PBXTargetDependency section */
		DB40F2952DF2994000C31AE4 /* PBXTargetDependency */ = {
			isa = PBXTargetDependency;
			target = DB40F2812DF2993F00C31AE4 /* NotHotdog */;
			targetProxy = DB40F2942DF2994000C31AE4 /* PBXContainerItemProxy */;
		};
		DB40F29F2DF2994000C31AE4 /* PBXTargetDependency */ = {
			isa = PBXTargetDependency;
			target = DB40F2812DF2993F00C31AE4 /* NotHotdog */;
			targetProxy = DB40F29E2DF2994000C31AE4 /* PBXContainerItemProxy */;
		};
/* End PBXTargetDependency section */

/* Begin XCBuildConfiguration section */
		DB40F2A72DF2994000C31AE4 /* Debug */ = {
			isa = XCBuildConfiguration;
			buildSettings = {
				ASSETCATALOG_COMPILER_APPICON_NAME = AppIcon;
				ASSETCATALOG_COMPILER_GLOBAL_ACCENT_COLOR_NAME = AccentColor;
				CODE_SIGN_ENTITLEMENTS = NotHotdog/NotHotdog.entitlements;
				CODE_SIGN_IDENTITY = "Apple Development";
				CODE_SIGN_STYLE = Automatic;
				CURRENT_PROJECT_VERSION = 1;
				DEVELOPMENT_TEAM = "";
				ENABLE_PREVIEWS = YES;
				GENERATE_INFOPLIST_FILE = YES;
				INFOPLIST_FILE = NotHotdog/Info.plist;
				INFOPLIST_KEY_NSCameraUsageDescription = "";
				INFOPLIST_KEY_NSPhotoLibraryAddUsageDescription = NotHotdog;
				INFOPLIST_KEY_NSPhotoLibraryUsageDescription = "";
				INFOPLIST_KEY_UIApplicationSceneManifest_Generation = YES;
				INFOPLIST_KEY_UIApplicationSupportsIndirectInputEvents = YES;
				INFOPLIST_KEY_UILaunchScreen_Generation = YES;
				INFOPLIST_KEY_UISupportedInterfaceOrientations_iPad = "UIInterfaceOrientationPortrait UIInterfaceOrientationPortraitUpsideDown UIInterfaceOrientationLandscapeLeft UIInterfaceOrientationLandscapeRight";
				INFOPLIST_KEY_UISupportedInterfaceOrientations_iPhone = "UIInterfaceOrientationPortrait UIInterfaceOrientationLandscapeLeft UIInterfaceOrientationLandscapeRight";
				LD_RUNPATH_SEARCH_PATHS = (
					"$(inherited)",
					"@executable_path/Frameworks",
				);
				MARKETING_VERSION = 1.0;
				PRODUCT_BUNDLE_IDENTIFIER = hangsoftware.NotHotdog;
				PRODUCT_NAME = "$(TARGET_NAME)";
				PROVISIONING_PROFILE_SPECIFIER = "";
				SWIFT_EMIT_LOC_STRINGS = YES;
				SWIFT_VERSION = 5.0;
				TARGETED_DEVICE_FAMILY = "1,2";
			};
			name = Debug;
		};
		DB40F2A82DF2994000C31AE4 /* Release */ = {
			isa = XCBuildConfiguration;
			buildSettings = {
				ASSETCATALOG_COMPILER_APPICON_NAME = AppIcon;
				ASSETCATALOG_COMPILER_GLOBAL_ACCENT_COLOR_NAME = AccentColor;
				CODE_SIGN_ENTITLEMENTS = NotHotdog/NotHotdog.entitlements;
				CODE_SIGN_IDENTITY = "Apple Development";
				CODE_SIGN_STYLE = Automatic;
				CURRENT_PROJECT_VERSION = 1;
				DEVELOPMENT_TEAM = "";
				ENABLE_PREVIEWS = YES;
				GENERATE_INFOPLIST_FILE = YES;
				INFOPLIST_FILE = NotHotdog/Info.plist;
				INFOPLIST_KEY_NSCameraUsageDescription = "";
				INFOPLIST_KEY_NSPhotoLibraryAddUsageDescription = NotHotdog;
				INFOPLIST_KEY_NSPhotoLibraryUsageDescription = "";
				INFOPLIST_KEY_UIApplicationSceneManifest_Generation = YES;
				INFOPLIST_KEY_UIApplicationSupportsIndirectInputEvents = YES;
				INFOPLIST_KEY_UILaunchScreen_Generation = YES;
				INFOPLIST_KEY_UISupportedInterfaceOrientations_iPad = "UIInterfaceOrientationPortrait UIInterfaceOrientationPortraitUpsideDown UIInterfaceOrientationLandscapeLeft UIInterfaceOrientationLandscapeRight";
				INFOPLIST_KEY_UISupportedInterfaceOrientations_iPhone = "UIInterfaceOrientationPortrait UIInterfaceOrientationLandscapeLeft UIInterfaceOrientationLandscapeRight";
				LD_RUNPATH_SEARCH_PATHS = (
					"$(inherited)",
					"@executable_path/Frameworks",
				);
				MARKETING_VERSION = 1.0;
				PRODUCT_BUNDLE_IDENTIFIER = hangsoftware.NotHotdog;
				PRODUCT_NAME = "$(TARGET_NAME)";
				PROVISIONING_PROFILE_SPECIFIER = "";
				SWIFT_EMIT_LOC_STRINGS = YES;
				SWIFT_VERSION = 5.0;
				TARGETED_DEVICE_FAMILY = "1,2";
			};
			name = Release;
		};
		DB40F2A92DF2994000C31AE4 /* Debug */ = {
			isa = XCBuildConfiguration;
			buildSettings = {
				ALWAYS_SEARCH_USER_PATHS = NO;
				ASSETCATALOG_COMPILER_GENERATE_SWIFT_ASSET_SYMBOL_EXTENSIONS = YES;
				CLANG_ANALYZER_NONNULL = YES;
				CLANG_ANALYZER_NUMBER_OBJECT_CONVERSION = YES_AGGRESSIVE;
				CLANG_CXX_LANGUAGE_STANDARD = "gnu++20";
				CLANG_ENABLE_MODULES = YES;
				CLANG_ENABLE_OBJC_ARC = YES;
				CLANG_ENABLE_OBJC_WEAK = YES;
				CLANG_WARN_BLOCK_CAPTURE_AUTORELEASING = YES;
				CLANG_WARN_BOOL_CONVERSION = YES;
				CLANG_WARN_COMMA = YES;
				CLANG_WARN_CONSTANT_CONVERSION = YES;
				CLANG_WARN_DEPRECATED_OBJC_IMPLEMENTATIONS = YES;
				CLANG_WARN_DIRECT_OBJC_ISA_USAGE = YES_ERROR;
				CLANG_WARN_DOCUMENTATION_COMMENTS = YES;
				CLANG_WARN_EMPTY_BODY = YES;
				CLANG_WARN_ENUM_CONVERSION = YES;
				CLANG_WARN_INFINITE_RECURSION = YES;
				CLANG_WARN_INT_CONVERSION = YES;
				CLANG_WARN_NON_LITERAL_NULL_CONVERSION = YES;
				CLANG_WARN_OBJC_IMPLICIT_RETAIN_SELF = YES;
				CLANG_WARN_OBJC_LITERAL_CONVERSION = YES;
				CLANG_WARN_OBJC_ROOT_CLASS = YES_ERROR;
				CLANG_WARN_QUOTED_INCLUDE_IN_FRAMEWORK_HEADER = YES;
				CLANG_WARN_RANGE_LOOP_ANALYSIS = YES;
				CLANG_WARN_STRICT_PROTOTYPES = YES;
				CLANG_WARN_SUSPICIOUS_MOVE = YES;
				CLANG_WARN_UNGUARDED_AVAILABILITY = YES_AGGRESSIVE;
				CLANG_WARN_UNREACHABLE_CODE = YES;
				CLANG_WARN__DUPLICATE_METHOD_MATCH = YES;
				COPY_PHASE_STRIP = NO;
				DEBUG_INFORMATION_FORMAT = dwarf;
				DEVELOPMENT_TEAM = 6PBP6F3946;
				ENABLE_STRICT_OBJC_MSGSEND = YES;
				ENABLE_TESTABILITY = YES;
				ENABLE_USER_SCRIPT_SANDBOXING = YES;
				GCC_C_LANGUAGE_STANDARD = gnu17;
				GCC_DYNAMIC_NO_PIC = NO;
				GCC_NO_COMMON_BLOCKS = YES;
				GCC_OPTIMIZATION_LEVEL = 0;
				GCC_PREPROCESSOR_DEFINITIONS = (
					"DEBUG=1",
					"$(inherited)",
				);
				GCC_WARN_64_TO_32_BIT_CONVERSION = YES;
				GCC_WARN_ABOUT_RETURN_TYPE = YES_ERROR;
				GCC_WARN_UNDECLARED_SELECTOR = YES;
				GCC_WARN_UNINITIALIZED_AUTOS = YES_AGGRESSIVE;
				GCC_WARN_UNUSED_FUNCTION = YES;
				GCC_WARN_UNUSED_VARIABLE = YES;
				IPHONEOS_DEPLOYMENT_TARGET = 18.5;
				LOCALIZATION_PREFERS_STRING_CATALOGS = YES;
				MTL_ENABLE_DEBUG_INFO = INCLUDE_SOURCE;
				MTL_FAST_MATH = YES;
				ONLY_ACTIVE_ARCH = YES;
				SDKROOT = iphoneos;
				SWIFT_ACTIVE_COMPILATION_CONDITIONS = "DEBUG $(inherited)";
				SWIFT_OPTIMIZATION_LEVEL = "-Onone";
			};
			name = Debug;
		};
		DB40F2AA2DF2994000C31AE4 /* Release */ = {
			isa = XCBuildConfiguration;
			buildSettings = {
				ALWAYS_SEARCH_USER_PATHS = NO;
				ASSETCATALOG_COMPILER_GENERATE_SWIFT_ASSET_SYMBOL_EXTENSIONS = YES;
				CLANG_ANALYZER_NONNULL = YES;
				CLANG_ANALYZER_NUMBER_OBJECT_CONVERSION = YES_AGGRESSIVE;
				CLANG_CXX_LANGUAGE_STANDARD = "gnu++20";
				CLANG_ENABLE_MODULES = YES;
				CLANG_ENABLE_OBJC_ARC = YES;
				CLANG_ENABLE_OBJC_WEAK = YES;
				CLANG_WARN_BLOCK_CAPTURE_AUTORELEASING = YES;
				CLANG_WARN_BOOL_CONVERSION = YES;
				CLANG_WARN_COMMA = YES;
				CLANG_WARN_CONSTANT_CONVERSION = YES;
				CLANG_WARN_DEPRECATED_OBJC_IMPLEMENTATIONS = YES;
				CLANG_WARN_DIRECT_OBJC_ISA_USAGE = YES_ERROR;
				CLANG_WARN_DOCUMENTATION_COMMENTS = YES;
				CLANG_WARN_EMPTY_BODY = YES;
				CLANG_WARN_ENUM_CONVERSION = YES;
				CLANG_WARN_INFINITE_RECURSION = YES;
				CLANG_WARN_INT_CONVERSION = YES;
				CLANG_WARN_NON_LITERAL_NULL_CONVERSION = YES;
				CLANG_WARN_OBJC_IMPLICIT_RETAIN_SELF = YES;
				CLANG_WARN_OBJC_LITERAL_CONVERSION = YES;
				CLANG_WARN_OBJC_ROOT_CLASS = YES_ERROR;
				CLANG_WARN_QUOTED_INCLUDE_IN_FRAMEWORK_HEADER = YES;
				CLANG_WARN_RANGE_LOOP_ANALYSIS = YES;
				CLANG_WARN_STRICT_PROTOTYPES = YES;
				CLANG_WARN_SUSPICIOUS_MOVE = YES;
				CLANG_WARN_UNGUARDED_AVAILABILITY = YES_AGGRESSIVE;
				CLANG_WARN_UNREACHABLE_CODE = YES;
				CLANG_WARN__DUPLICATE_METHOD_MATCH = YES;
				COPY_PHASE_STRIP = NO;
				DEBUG_INFORMATION_FORMAT = "dwarf-with-dsym";
				DEVELOPMENT_TEAM = 6PBP6F3946;
				ENABLE_NS_ASSERTIONS = NO;
				ENABLE_STRICT_OBJC_MSGSEND = YES;
				ENABLE_USER_SCRIPT_SANDBOXING = YES;
				GCC_C_LANGUAGE_STANDARD = gnu17;
				GCC_NO_COMMON_BLOCKS = YES;
				GCC_WARN_64_TO_32_BIT_CONVERSION = YES;
				GCC_WARN_ABOUT_RETURN_TYPE = YES_ERROR;
				GCC_WARN_UNDECLARED_SELECTOR = YES;
				GCC_WARN_UNINITIALIZED_AUTOS = YES_AGGRESSIVE;
				GCC_WARN_UNUSED_FUNCTION = YES;
				GCC_WARN_UNUSED_VARIABLE = YES;
				IPHONEOS_DEPLOYMENT_TARGET = 18.5;
				LOCALIZATION_PREFERS_STRING_CATALOGS = YES;
				MTL_ENABLE_DEBUG_INFO = NO;
				MTL_FAST_MATH = YES;
				SDKROOT = iphoneos;
				SWIFT_COMPILATION_MODE = wholemodule;
				VALIDATE_PRODUCT = YES;
			};
			name = Release;
		};
		DB40F2AC2DF2994000C31AE4 /* Debug */ = {
			isa = XCBuildConfiguration;
			buildSettings = {
				BUNDLE_LOADER = "$(TEST_HOST)";
				CODE_SIGN_STYLE = Automatic;
				CURRENT_PROJECT_VERSION = 1;
				DEVELOPMENT_TEAM = 6PBP6F3946;
				GENERATE_INFOPLIST_FILE = YES;
				IPHONEOS_DEPLOYMENT_TARGET = 18.5;
				MARKETING_VERSION = 1.0;
				PRODUCT_BUNDLE_IDENTIFIER = hangsoftware.NotHotdogTests;
				PRODUCT_NAME = "$(TARGET_NAME)";
				SWIFT_EMIT_LOC_STRINGS = NO;
				SWIFT_VERSION = 5.0;
				TARGETED_DEVICE_FAMILY = "1,2";
				TEST_HOST = "$(BUILT_PRODUCTS_DIR)/NotHotdog.app/$(BUNDLE_EXECUTABLE_FOLDER_PATH)/NotHotdog";
			};
			name = Debug;
		};
		DB40F2AD2DF2994000C31AE4 /* Release */ = {
			isa = XCBuildConfiguration;
			buildSettings = {
				BUNDLE_LOADER = "$(TEST_HOST)";
				CODE_SIGN_STYLE = Automatic;
				CURRENT_PROJECT_VERSION = 1;
				DEVELOPMENT_TEAM = 6PBP6F3946;
				GENERATE_INFOPLIST_FILE = YES;
				IPHONEOS_DEPLOYMENT_TARGET = 18.5;
				MARKETING_VERSION = 1.0;
				PRODUCT_BUNDLE_IDENTIFIER = hangsoftware.NotHotdogTests;
				PRODUCT_NAME = "$(TARGET_NAME)";
				SWIFT_EMIT_LOC_STRINGS = NO;
				SWIFT_VERSION = 5.0;
				TARGETED_DEVICE_FAMILY = "1,2";
				TEST_HOST = "$(BUILT_PRODUCTS_DIR)/NotHotdog.app/$(BUNDLE_EXECUTABLE_FOLDER_PATH)/NotHotdog";
			};
			name = Release;
		};
		DB40F2AF2DF2994000C31AE4 /* Debug */ = {
			isa = XCBuildConfiguration;
			buildSettings = {
				CODE_SIGN_STYLE = Automatic;
				CURRENT_PROJECT_VERSION = 1;
				DEVELOPMENT_TEAM = 6PBP6F3946;
				GENERATE_INFOPLIST_FILE = YES;
				MARKETING_VERSION = 1.0;
				PRODUCT_BUNDLE_IDENTIFIER = hangsoftware.NotHotdogUITests;
				PRODUCT_NAME = "$(TARGET_NAME)";
				SWIFT_EMIT_LOC_STRINGS = NO;
				SWIFT_VERSION = 5.0;
				TARGETED_DEVICE_FAMILY = "1,2";
				TEST_TARGET_NAME = NotHotdog;
			};
			name = Debug;
		};
		DB40F2B02DF2994000C31AE4 /* Release */ = {
			isa = XCBuildConfiguration;
			buildSettings = {
				CODE_SIGN_STYLE = Automatic;
				CURRENT_PROJECT_VERSION = 1;
				DEVELOPMENT_TEAM = 6PBP6F3946;
				GENERATE_INFOPLIST_FILE = YES;
				MARKETING_VERSION = 1.0;
				PRODUCT_BUNDLE_IDENTIFIER = hangsoftware.NotHotdogUITests;
				PRODUCT_NAME = "$(TARGET_NAME)";
				SWIFT_EMIT_LOC_STRINGS = NO;
				SWIFT_VERSION = 5.0;
				TARGETED_DEVICE_FAMILY = "1,2";
				TEST_TARGET_NAME = NotHotdog;
			};
			name = Release;
		};
/* End XCBuildConfiguration section */

/* Begin XCConfigurationList section */
		DB40F27D2DF2993F00C31AE4 /* Build configuration list for PBXProject "NotHotdog" */ = {
			isa = XCConfigurationList;
			buildConfigurations = (
				DB40F2A92DF2994000C31AE4 /* Debug */,
				DB40F2AA2DF2994000C31AE4 /* Release */,
			);
			defaultConfigurationIsVisible = 0;
			defaultConfigurationName = Release;
		};
		DB40F2A62DF2994000C31AE4 /* Build configuration list for PBXNativeTarget "NotHotdog" */ = {
			isa = XCConfigurationList;
			buildConfigurations = (
				DB40F2A72DF2994000C31AE4 /* Debug */,
				DB40F2A82DF2994000C31AE4 /* Release */,
			);
			defaultConfigurationIsVisible = 0;
			defaultConfigurationName = Release;
		};
		DB40F2AB2DF2994000C31AE4 /* Build configuration list for PBXNativeTarget "NotHotdogTests" */ = {
			isa = XCConfigurationList;
			buildConfigurations = (
				DB40F2AC2DF2994000C31AE4 /* Debug */,
				DB40F2AD2DF2994000C31AE4 /* Release */,
			);
			defaultConfigurationIsVisible = 0;
			defaultConfigurationName = Release;
		};
		DB40F2AE2DF2994000C31AE4 /* Build configuration list for PBXNativeTarget "NotHotdogUITests" */ = {
			isa = XCConfigurationList;
			buildConfigurations = (
				DB40F2AF2DF2994000C31AE4 /* Debug */,
				DB40F2B02DF2994000C31AE4 /* Release */,
			);
			defaultConfigurationIsVisible = 0;
			defaultConfigurationName = Release;
		};
/* End XCConfigurationList section */
	};
	rootObject = DB40F27A2DF2993F00C31AE4 /* Project object */;
}
